
Microsoft Visual Studio Solution File, Format Version 12.00
# Visual Studio Version 17
VisualStudioVersion = 17.7.34031.279
MinimumVisualStudioVersion = 10.0.40219.1
Project("{FAE04EC0-301F-11D3-BF4B-00C04F79EFBC}") = "MonsterClicker", "MonsterClicker.csproj", "{8A54D1C9-DA3C-4187-8CD5-530644D8508D}"
EndProject
Global
	GlobalSection(SolutionConfigurationPlatforms) = preSolution
		Debug|Any CPU = Debug|Any CPU
		Release|Any CPU = Release|Any CPU
	EndGlobalSection
	GlobalSection(ProjectConfigurationPlatforms) = postSolution
		{8A54D1C9-DA3C-4187-8CD5-530644D8508D}.Debug|Any CPU.ActiveCfg = Debug|Any CPU
		{8A54D1C9-DA3C-4187-8CD5-530644D8508D}.Debug|Any CPU.Build.0 = Debug|Any CPU
		{8A54D1C9-DA3C-4187-8CD5-530644D8508D}.Release|Any CPU.ActiveCfg = Release|Any CPU
		{8A54D1C9-DA3C-4187-8CD5-530644D8508D}.Release|Any CPU.Build.0 = Release|Any CPU
	EndGlobalSection
	GlobalSection(SolutionProperties) = preSolution
		HideSolutionNode = FALSE
	EndGlobalSection
	GlobalSection(ExtensibilityGlobals) = postSolution
		SolutionGuid = {61579287-C82F-4C56-8E8C-604DFA3FD77F}
	EndGlobalSection
EndGlobal
